
Microsoft Visual Studio Solution File, Format Version 12.00
# Visual Studio Version 17
VisualStudioVersion = 17.6.33829.357
MinimumVisualStudioVersion = 10.0.40219.1
Project("{FAE04EC0-301F-11D3-BF4B-00C04F79EFBC}") = "demo_lab4", "demo_lab4\demo_lab4.csproj", "{349700EB-B30E-4F84-8D41-3A1F719441FA}"
EndProject
Global
	GlobalSection(SolutionConfigurationPlatforms) = preSolution
		Debug|Any CPU = Debug|Any CPU
		Release|Any CPU = Release|Any CPU
	EndGlobalSection
	GlobalSection(ProjectConfigurationPlatforms) = postSolution
		{349700EB-B30E-4F84-8D41-3A1F719441FA}.Debug|Any CPU.ActiveCfg = Debug|Any CPU
		{349700EB-B30E-4F84-8D41-3A1F719441FA}.Debug|Any CPU.Build.0 = Debug|Any CPU
		{349700EB-B30E-4F84-8D41-3A1F719441FA}.Release|Any CPU.ActiveCfg = Release|Any CPU
		{349700EB-B30E-4F84-8D41-3A1F719441FA}.Release|Any CPU.Build.0 = Release|Any CPU
	EndGlobalSection
	GlobalSection(SolutionProperties) = preSolution
		HideSolutionNode = FALSE
	EndGlobalSection
	GlobalSection(ExtensibilityGlobals) = postSolution
		SolutionGuid = {7AF3AC44-149D-4363-88E2-408B882F1FB7}
	EndGlobalSection
EndGlobal
