
Microsoft Visual Studio Solution File, Format Version 12.00
# Visual Studio Version 17
VisualStudioVersion = 17.6.33723.286
MinimumVisualStudioVersion = 10.0.40219.1
Project("{FAE04EC0-301F-11D3-BF4B-00C04F79EFBC}") = "MyApp", "MyApp\MyApp.csproj", "{257F9858-41FE-4323-A459-EFC58BE61DCF}"
EndProject
Global
	GlobalSection(SolutionConfigurationPlatforms) = preSolution
		Debug|Any CPU = Debug|Any CPU
		Release|Any CPU = Release|Any CPU
	EndGlobalSection
	GlobalSection(ProjectConfigurationPlatforms) = postSolution
		{257F9858-41FE-4323-A459-EFC58BE61DCF}.Debug|Any CPU.ActiveCfg = Debug|Any CPU
		{257F9858-41FE-4323-A459-EFC58BE61DCF}.Debug|Any CPU.Build.0 = Debug|Any CPU
		{257F9858-41FE-4323-A459-EFC58BE61DCF}.Release|Any CPU.ActiveCfg = Release|Any CPU
		{257F9858-41FE-4323-A459-EFC58BE61DCF}.Release|Any CPU.Build.0 = Release|Any CPU
	EndGlobalSection
	GlobalSection(SolutionProperties) = preSolution
		HideSolutionNode = FALSE
	EndGlobalSection
	GlobalSection(ExtensibilityGlobals) = postSolution
		SolutionGuid = {882C46E5-607E-4E06-89AB-55DBAFA33EC9}
	EndGlobalSection
EndGlobal
